<?xml version="1.0" encoding="utf-8"?>
<Project ToolsVersion="4.0" xmlns="http://schemas.microsoft.com/developer/msbuild/2003">
  <ItemGroup>
    <Filter Include="Source Files">
      <UniqueIdentifier>{4FC737F1-C7A5-4376-A066-2A32D752A2FF}</UniqueIdentifier>
      <Extensions>cpp;c;cc;cxx;c++;def;odl;idl;hpj;bat;asm;asmx</Extensions>
    </Filter>
    <Filter Include="Header Files">
      <UniqueIdentifier>{93995380-89BD-4b04-88EB-625FBE52EBFB}</UniqueIdentifier>
      <Extensions>h;hh;hpp;hxx;h++;hm;inl;inc;ipp;xsd</Extensions>
    </Filter>
    <Filter Include="Resource Files">
      <UniqueIdentifier>{67DA6AB6-F800-4c08-8B7A-83BB121AAD01}</UniqueIdentifier>
      <Extensions>rc;ico;cur;bmp;dlg;rc2;rct;bin;rgs;gif;jpg;jpeg;jpe;resx;tiff;tif;png;wav;mfcribbon-ms</Extensions>
    </Filter>
    <Filter Include="Source Files\Auto Generated">
      <UniqueIdentifier>{f3d5ed4f-7da7-4361-a4a4-cb59cf45ff24}</UniqueIdentifier>
    </Filter>
    <Filter Include="Header Files\Auto Generated">
      <UniqueIdentifier>{d6b580bb-d140-497a-9309-cc6ec9d31606}</UniqueIdentifier>
    </Filter>
    <Filter Include="Source Files\Samples">
      <UniqueIdentifier>{96054236-8084-4153-aab3-bd0b9d8efe26}</UniqueIdentifier>
    </Filter>
    <Filter Include="Header Files\AST">
      <UniqueIdentifier>{bb21d426-94d1-459f-81da-51a9b277b275}</UniqueIdentifier>
    </Filter>
    <Filter Include="Source Files\AST">
      <UniqueIdentifier>{127b6f15-43a8-4829-9e5a-0144c722027c}</UniqueIdentifier>
    </Filter>
    <Filter Include="Header Files\Interpreter">
      <UniqueIdentifier>{ac8e9ead-129a-4cdc-bacf-ae8017db0e74}</UniqueIdentifier>
    </Filter>
    <Filter Include="Header Files\Compiler">
      <UniqueIdentifier>{c6c75a4e-0f2c-4396-b6a9-410a784fbace}</UniqueIdentifier>
    </Filter>
    <Filter Include="Source Files\Interpreter">
      <UniqueIdentifier>{384e15a7-3a37-4e1e-9fba-46a7b61d43a3}</UniqueIdentifier>
    </Filter>
  </ItemGroup>
  <ItemGroup>
    <ClCompile Include="main.cpp">
      <Filter>Source Files</Filter>
    </ClCompile>
    <ClCompile Include="grammar\JITLangLexer.cpp">
      <Filter>Source Files\Auto Generated</Filter>
    </ClCompile>
    <ClCompile Include="grammar\JITLangParser.cpp">
      <Filter>Source Files\Auto Generated</Filter>
    </ClCompile>
    <ClCompile Include="Parser.cpp">
      <Filter>Source Files</Filter>
    </ClCompile>
    <ClCompile Include="ast\GetVarNode.cpp">
      <Filter>Source Files\AST</Filter>
    </ClCompile>
    <ClCompile Include="interpreter\SlowContext.cpp">
      <Filter>Source Files\Interpreter</Filter>
    </ClCompile>
    <ClCompile Include="ast\BinOpNode.cpp">
      <Filter>Source Files\AST</Filter>
    </ClCompile>
    <ClCompile Include="ast\ConstNode.cpp">
      <Filter>Source Files\AST</Filter>
    </ClCompile>
    <ClCompile Include="ast\BlockNode.cpp">
      <Filter>Source Files\AST</Filter>
    </ClCompile>
    <ClCompile Include="ast\DefVarNode.cpp">
      <Filter>Source Files\AST</Filter>
    </ClCompile>
    <ClCompile Include="ast\SetVarNode.cpp">
      <Filter>Source Files\AST</Filter>
    </ClCompile>
    <ClCompile Include="ast\IfNode.cpp">
      <Filter>Source Files\AST</Filter>
    </ClCompile>
    <ClCompile Include="ast\FuncCallNode.cpp">
      <Filter>Source Files\AST</Filter>
    </ClCompile>
    <ClCompile Include="ast\FuncDefineNode.cpp">
      <Filter>Source Files\AST</Filter>
    </ClCompile>
    <ClCompile Include="ast\PreOpNode.cpp">
      <Filter>Source Files\AST</Filter>
    </ClCompile>
    <ClCompile Include="ast\PostOpNode.cpp">
      <Filter>Source Files\AST</Filter>
    </ClCompile>
    <ClCompile Include="interpreter\SlowSubcontext.cpp">
      <Filter>Source Files\Interpreter</Filter>
    </ClCompile>
  </ItemGroup>
  <ItemGroup>
    <ClInclude Include="grammar\JITLangLexer.h">
      <Filter>Header Files\Auto Generated</Filter>
    </ClInclude>
    <ClInclude Include="grammar\JITLangParser.h">
      <Filter>Header Files\Auto Generated</Filter>
    </ClInclude>
    <ClInclude Include="ast\ASTNode.h">
      <Filter>Header Files\AST</Filter>
    </ClInclude>
    <ClInclude Include="Parser.h">
      <Filter>Header Files</Filter>
    </ClInclude>
    <ClInclude Include="ast\BinOpNode.h">
      <Filter>Header Files\AST</Filter>
    </ClInclude>
    <ClInclude Include="ast\GetVarNode.h">
      <Filter>Header Files\AST</Filter>
    </ClInclude>
    <ClInclude Include="compiler\LLContext.h">
      <Filter>Header Files\Compiler</Filter>
    </ClInclude>
    <ClInclude Include="interpreter\SlowContext.h">
      <Filter>Header Files\Interpreter</Filter>
    </ClInclude>
    <ClInclude Include="ast\ConstNode.h">
      <Filter>Header Files\AST</Filter>
    </ClInclude>
    <ClInclude Include="ast\BlockNode.h">
      <Filter>Header Files\AST</Filter>
    </ClInclude>
    <ClInclude Include="ast\SetVarNode.h">
      <Filter>Header Files\AST</Filter>
    </ClInclude>
    <ClInclude Include="ast\IfNode.h">
      <Filter>Header Files\AST</Filter>
    </ClInclude>
    <ClInclude Include="ast\FuncCallNode.h">
      <Filter>Header Files\AST</Filter>
    </ClInclude>
    <ClInclude Include="ast\FuncDefineNode.h">
      <Filter>Header Files\AST</Filter>
    </ClInclude>
    <ClInclude Include="ast\PreOpNode.h">
      <Filter>Header Files\AST</Filter>
    </ClInclude>
    <ClInclude Include="ast\PostOpNode.h">
      <Filter>Header Files\AST</Filter>
    </ClInclude>
    <ClInclude Include="interpreter\SlowSubcontext.h">
      <Filter>Header Files\Interpreter</Filter>
    </ClInclude>
  </ItemGroup>
  <ItemGroup>
    <None Include="samples\count.jit">
      <Filter>Source Files\Samples</Filter>
    </None>
    <None Include="samples\main.jit">
      <Filter>Source Files\Samples</Filter>
    </None>
    <None Include="ast\DefVarNode.h">
      <Filter>Header Files\AST</Filter>
    </None>
  </ItemGroup>
</Project>